<?xml version="1.0" encoding="utf-8"?>
<Project ToolsVersion="4.0" xmlns="http://schemas.microsoft.com/developer/msbuild/2003">
  <ItemGroup>
    <Filter Include="Source Files">
      <UniqueIdentifier>{4FC737F1-C7A5-4376-A066-2A32D752A2FF}</UniqueIdentifier>
      <Extensions>cpp;c;cc;cxx;c++;cppm;ixx;def;odl;idl;hpj;bat;asm;asmx</Extensions>
    </Filter>
    <Filter Include="Header Files">
      <UniqueIdentifier>{93995380-89BD-4b04-88EB-625FBE52EBFB}</UniqueIdentifier>
      <Extensions>h;hh;hpp;hxx;h++;hm;inl;inc;ipp;xsd</Extensions>
    </Filter>
    <Filter Include="Resource Files">
      <UniqueIdentifier>{67DA6AB6-F800-4c08-8B7A-83BB121AAD01}</UniqueIdentifier>
      <Extensions>rc;ico;cur;bmp;dlg;rc2;rct;bin;rgs;gif;jpg;jpeg;jpe;resx;tiff;tif;png;wav;mfcribbon-ms</Extensions>
    </Filter>
    <Filter Include="Header Files\TemplatedExample">
      <UniqueIdentifier>{8c0349d8-72e2-4e44-a399-4d4ae76a2027}</UniqueIdentifier>
    </Filter>
    <Filter Include="Source Files\TemplatedExample">
      <UniqueIdentifier>{e8040280-7356-475c-a51a-c98a037665ac}</UniqueIdentifier>
    </Filter>
    <Filter Include="Header Files\Tests">
      <UniqueIdentifier>{90d1c9f5-3ace-4905-95e1-9f5bd48a136a}</UniqueIdentifier>
    </Filter>
    <Filter Include="Source Files\Tests">
      <UniqueIdentifier>{65c77e8d-fc4f-46b9-98b2-73b89ec425f7}</UniqueIdentifier>
    </Filter>
    <Filter Include="Source Files\RenderSystem">
      <UniqueIdentifier>{1dc69d13-5370-4f4b-b501-1969101b6ed1}</UniqueIdentifier>
    </Filter>
    <Filter Include="Source Files\Windows">
      <UniqueIdentifier>{94381426-b4a7-48a6-bd83-c255a0cb3b4c}</UniqueIdentifier>
    </Filter>
    <Filter Include="Source Files\Math">
      <UniqueIdentifier>{ea33f448-721c-42c1-a095-4f82a9fb074a}</UniqueIdentifier>
    </Filter>
    <Filter Include="Source Files\Application">
      <UniqueIdentifier>{b0262dc9-683f-46b0-aa8f-8ef1e032e316}</UniqueIdentifier>
    </Filter>
    <Filter Include="Header Files\Application">
      <UniqueIdentifier>{6d439545-480c-40f6-8635-7ddd1bade512}</UniqueIdentifier>
    </Filter>
    <Filter Include="Source Files\InputSystem">
      <UniqueIdentifier>{ed0f6921-0c3b-4282-a624-643c7307bd1f}</UniqueIdentifier>
    </Filter>
    <Filter Include="Source Files\FramerateControl">
      <UniqueIdentifier>{08f68501-b8fd-439e-8903-1dfcfab7fff5}</UniqueIdentifier>
    </Filter>
    <Filter Include="Source Files\EventSystem">
      <UniqueIdentifier>{335019a1-851e-4845-a248-7f8d1021b584}</UniqueIdentifier>
    </Filter>
    <Filter Include="Header Files\EventSystem">
      <UniqueIdentifier>{88ab190f-b4d6-4adf-8972-e46cc584fb1d}</UniqueIdentifier>
    </Filter>
    <Filter Include="Source Files\PhysicsSystem">
      <UniqueIdentifier>{7c5613f6-7a29-40b4-9298-0da7889ca275}</UniqueIdentifier>
    </Filter>
    <Filter Include="Header Files\PhysicsSystem">
      <UniqueIdentifier>{77d83fdf-719d-4927-8dd7-4f784c904e6a}</UniqueIdentifier>
    </Filter>
  </ItemGroup>
  <ItemGroup>
    <ClCompile Include="FALL2024.cpp">
      <Filter>Source Files</Filter>
    </ClCompile>
    <ClCompile Include="Tests.cpp">
      <Filter>Source Files\Tests</Filter>
    </ClCompile>
    <ClCompile Include="Renderer.cpp">
      <Filter>Source Files\RenderSystem</Filter>
    </ClCompile>
    <ClCompile Include="GameWindow.cpp">
      <Filter>Source Files\Windows</Filter>
    </ClCompile>
    <ClCompile Include="GeometryBuffer.cpp">
      <Filter>Source Files\RenderSystem</Filter>
    </ClCompile>
    <ClCompile Include="Material.cpp">
      <Filter>Source Files\RenderSystem</Filter>
    </ClCompile>
    <ClCompile Include="Mesh.cpp">
      <Filter>Source Files\RenderSystem</Filter>
    </ClCompile>
    <ClCompile Include="Transform.cpp">
      <Filter>Source Files\RenderSystem</Filter>
    </ClCompile>
    <ClCompile Include="Texture.cpp">
      <Filter>Source Files\RenderSystem</Filter>
    </ClCompile>
    <ClCompile Include="Shader.cpp">
      <Filter>Source Files\RenderSystem</Filter>
    </ClCompile>
    <ClCompile Include="SceneGraph.cpp">
      <Filter>Source Files\RenderSystem</Filter>
    </ClCompile>
    <ClCompile Include="RenderableNode.cpp">
      <Filter>Source Files\RenderSystem</Filter>
    </ClCompile>
    <ClCompile Include="Node.cpp">
      <Filter>Source Files\RenderSystem</Filter>
    </ClCompile>
    <ClCompile Include="Matrix4.cpp">
      <Filter>Source Files\Math</Filter>
    </ClCompile>
    <ClCompile Include="Vector3.cpp">
      <Filter>Source Files\Math</Filter>
    </ClCompile>
    <ClCompile Include="TrianglePrimitive.cpp">
      <Filter>Source Files\Application</Filter>
    </ClCompile>
    <ClCompile Include="Input.cpp">
      <Filter>Source Files\InputSystem</Filter>
    </ClCompile>
    <ClCompile Include="RectanglePrimitive.cpp">
      <Filter>Source Files\Application</Filter>
    </ClCompile>
    <ClCompile Include="FramerateController.cpp">
      <Filter>Source Files\FramerateControl</Filter>
    </ClCompile>
    <ClCompile Include="EventManager.cpp">
      <Filter>Source Files\EventSystem</Filter>
    </ClCompile>
    <ClCompile Include="CollisionListener.cpp">
      <Filter>Source Files\PhysicsSystem</Filter>
    </ClCompile>
    <ClCompile Include="AABB.cpp">
      <Filter>Source Files\PhysicsSystem</Filter>
    </ClCompile>
    <ClCompile Include="OBB.cpp">
      <Filter>Source Files\PhysicsSystem</Filter>
    </ClCompile>
    <ClCompile Include="Circle.cpp">
      <Filter>Source Files\PhysicsSystem</Filter>
    </ClCompile>
    <ClCompile Include="PhysicsBody.cpp">
      <Filter>Source Files\PhysicsSystem</Filter>
    </ClCompile>
    <ClCompile Include="PhysicsManager.cpp">
      <Filter>Source Files\PhysicsSystem</Filter>
    </ClCompile>
    <ClCompile Include="CollisionGenerator.cpp">
      <Filter>Source Files\PhysicsSystem</Filter>
    </ClCompile>
  </ItemGroup>
  <ItemGroup>
    <ClInclude Include="VectorTemplated.h">
      <Filter>Header Files\TemplatedExample</Filter>
    </ClInclude>
    <ClInclude Include="Vector3.h">
      <Filter>Header Files</Filter>
    </ClInclude>
    <ClInclude Include="Matrix4.h">
      <Filter>Header Files</Filter>
    </ClInclude>
    <ClInclude Include="Tests.h">
      <Filter>Header Files\Tests</Filter>
    </ClInclude>
    <ClInclude Include="GameWindow.h">
      <Filter>Header Files</Filter>
    </ClInclude>
    <ClInclude Include="Renderer.h">
      <Filter>Header Files</Filter>
    </ClInclude>
    <ClInclude Include="Node.h">
      <Filter>Header Files</Filter>
    </ClInclude>
    <ClInclude Include="GeometryBuffer.h">
      <Filter>Header Files</Filter>
    </ClInclude>
    <ClInclude Include="Geometry.h">
      <Filter>Header Files</Filter>
    </ClInclude>
    <ClInclude Include="Mesh.h">
      <Filter>Header Files</Filter>
    </ClInclude>
    <ClInclude Include="Transform.h">
      <Filter>Header Files</Filter>
    </ClInclude>
    <ClInclude Include="RenderableNode.h">
      <Filter>Header Files</Filter>
    </ClInclude>
    <ClInclude Include="Shader.h">
      <Filter>Header Files</Filter>
    </ClInclude>
    <ClInclude Include="Material.h">
      <Filter>Header Files</Filter>
    </ClInclude>
    <ClInclude Include="Texture.h">
      <Filter>Header Files</Filter>
    </ClInclude>
    <ClInclude Include="SceneGraph.h">
      <Filter>Header Files</Filter>
    </ClInclude>
    <ClInclude Include="TrianglePrimitive.h">
      <Filter>Header Files\Application</Filter>
    </ClInclude>
    <ClInclude Include="Input.h">
      <Filter>Header Files</Filter>
    </ClInclude>
    <ClInclude Include="RectanglePrimitive.h">
      <Filter>Header Files\Application</Filter>
    </ClInclude>
    <ClInclude Include="FramerateController.h">
      <Filter>Header Files</Filter>
    </ClInclude>
    <ClInclude Include="EventManager.h">
      <Filter>Header Files\EventSystem</Filter>
    </ClInclude>
    <ClInclude Include="Event.h">
      <Filter>Header Files\EventSystem</Filter>
    </ClInclude>
    <ClInclude Include="EventListener.h">
      <Filter>Header Files\EventSystem</Filter>
    </ClInclude>
    <ClInclude Include="CollisionEvent.h">
      <Filter>Header Files\PhysicsSystem</Filter>
    </ClInclude>
    <ClInclude Include="CollisionListener.h">
      <Filter>Header Files\PhysicsSystem</Filter>
    </ClInclude>
    <ClInclude Include="GameObject.cpp">
      <Filter>Source Files\Application</Filter>
    </ClInclude>
    <ClInclude Include="GameObject.h">
      <Filter>Header Files\Application</Filter>
    </ClInclude>
    <ClInclude Include="Shape.h">
      <Filter>Header Files\PhysicsSystem</Filter>
    </ClInclude>
    <ClInclude Include="AABB.h">
      <Filter>Header Files\PhysicsSystem</Filter>
    </ClInclude>
    <ClInclude Include="OBB.h">
      <Filter>Header Files\PhysicsSystem</Filter>
    </ClInclude>
    <ClInclude Include="Circle.h">
      <Filter>Header Files\PhysicsSystem</Filter>
    </ClInclude>
    <ClInclude Include="PhysicsBody.h">
      <Filter>Header Files\PhysicsSystem</Filter>
    </ClInclude>
    <ClInclude Include="PhysicsManager.h">
      <Filter>Header Files\PhysicsSystem</Filter>
    </ClInclude>
    <ClInclude Include="CollisionGenerator.h">
      <Filter>Header Files\PhysicsSystem</Filter>
    </ClInclude>
    <ClInclude Include="Contact.h">
      <Filter>Header Files\PhysicsSystem</Filter>
    </ClInclude>
  </ItemGroup>
  <ItemGroup>
    <None Include="vertex_shader.glsl">
      <Filter>Source Files</Filter>
    </None>
    <None Include="fragment_shader.glsl">
      <Filter>Source Files</Filter>
    </None>
    <None Include="packages.config" />
  </ItemGroup>
</Project>